// !$*UTF8*$!
{
	archiveVersion = 1;
	classes = {
	};
	objectVersion = 46;
	objects = {

/* Begin PBXBuildFile section */
		ECA021BD1AA8A23200B797F2 /* main.m in Sources */ = {isa = PBXBuildFile; fileRef = ECA021BC1AA8A23200B797F2 /* main.m */; };
		ECA021C01AA8A23200B797F2 /* AppDelegate.m in Sources */ = {isa = PBXBuildFile; fileRef = ECA021BF1AA8A23200B797F2 /* AppDelegate.m */; };
		ECA021C31AA8A23200B797F2 /* RootViewController.m in Sources */ = {isa = PBXBuildFile; fileRef = ECA021C21AA8A23200B797F2 /* RootViewController.m */; };
		ECA021C61AA8A23200B797F2 /* DataViewController.m in Sources */ = {isa = PBXBuildFile; fileRef = ECA021C51AA8A23200B797F2 /* DataViewController.m */; };
		ECA021C91AA8A23200B797F2 /* ModelController.m in Sources */ = {isa = PBXBuildFile; fileRef = ECA021C81AA8A23200B797F2 /* ModelController.m */; };
		ECA021CC1AA8A23200B797F2 /* Main.storyboard in Resources */ = {isa = PBXBuildFile; fileRef = ECA021CA1AA8A23200B797F2 /* Main.storyboard */; };
		ECA021CE1AA8A23200B797F2 /* Images.xcassets in Resources */ = {isa = PBXBuildFile; fileRef = ECA021CD1AA8A23200B797F2 /* Images.xcassets */; };
		ECA021D11AA8A23200B797F2 /* LaunchScreen.xib in Resources */ = {isa = PBXBuildFile; fileRef = ECA021CF1AA8A23200B797F2 /* LaunchScreen.xib */; };
		ECA021DD1AA8A23200B797F2 /* ParallelOCRTests.m in Sources */ = {isa = PBXBuildFile; fileRef = ECA021DC1AA8A23200B797F2 /* ParallelOCRTests.m */; };
/* End PBXBuildFile section */

/* Begin PBXContainerItemProxy section */
		ECA021D71AA8A23200B797F2 /* PBXContainerItemProxy */ = {
			isa = PBXContainerItemProxy;
			containerPortal = ECA021AF1AA8A23200B797F2 /* Project object */;
			proxyType = 1;
			remoteGlobalIDString = ECA021B61AA8A23200B797F2;
			remoteInfo = ParallelOCR;
		};
/* End PBXContainerItemProxy section */

/* Begin PBXFileReference section */
		ECA021B71AA8A23200B797F2 /* ParallelOCR.app */ = {isa = PBXFileReference; explicitFileType = wrapper.application; includeInIndex = 0; path = ParallelOCR.app; sourceTree = BUILT_PRODUCTS_DIR; };
		ECA021BB1AA8A23200B797F2 /* Info.plist */ = {isa = PBXFileReference; lastKnownFileType = text.plist.xml; path = Info.plist; sourceTree = "<group>"; };
		ECA021BC1AA8A23200B797F2 /* main.m */ = {isa = PBXFileReference; lastKnownFileType = sourcecode.c.objc; path = main.m; sourceTree = "<group>"; };
		ECA021BE1AA8A23200B797F2 /* AppDelegate.h */ = {isa = PBXFileReference; lastKnownFileType = sourcecode.c.h; path = AppDelegate.h; sourceTree = "<group>"; };
		ECA021BF1AA8A23200B797F2 /* AppDelegate.m */ = {isa = PBXFileReference; lastKnownFileType = sourcecode.c.objc; path = AppDelegate.m; sourceTree = "<group>"; };
		ECA021C11AA8A23200B797F2 /* RootViewController.h */ = {isa = PBXFileReference; lastKnownFileType = sourcecode.c.h; path = RootViewController.h; sourceTree = "<group>"; };
		ECA021C21AA8A23200B797F2 /* RootViewController.m */ = {isa = PBXFileReference; lastKnownFileType = sourcecode.c.objc; path = RootViewController.m; sourceTree = "<group>"; };
		ECA021C41AA8A23200B797F2 /* DataViewController.h */ = {isa = PBXFileReference; lastKnownFileType = sourcecode.c.h; path = DataViewController.h; sourceTree = "<group>"; };
		ECA021C51AA8A23200B797F2 /* DataViewController.m */ = {isa = PBXFileReference; lastKnownFileType = sourcecode.c.objc; path = DataViewController.m; sourceTree = "<group>"; };
		ECA021C71AA8A23200B797F2 /* ModelController.h */ = {isa = PBXFileReference; lastKnownFileType = sourcecode.c.h; path = ModelController.h; sourceTree = "<group>"; };
		ECA021C81AA8A23200B797F2 /* ModelController.m */ = {isa = PBXFileReference; lastKnownFileType = sourcecode.c.objc; path = ModelController.m; sourceTree = "<group>"; };
		ECA021CB1AA8A23200B797F2 /* Base */ = {isa = PBXFileReference; lastKnownFileType = file.storyboard; name = Base; path = Base.lproj/Main.storyboard; sourceTree = "<group>"; };
		ECA021CD1AA8A23200B797F2 /* Images.xcassets */ = {isa = PBXFileReference; lastKnownFileType = folder.assetcatalog; path = Images.xcassets; sourceTree = "<group>"; };
		ECA021D01AA8A23200B797F2 /* Base */ = {isa = PBXFileReference; lastKnownFileType = file.xib; name = Base; path = Base.lproj/LaunchScreen.xib; sourceTree = "<group>"; };
		ECA021D61AA8A23200B797F2 /* ParallelOCRTests.xctest */ = {isa = PBXFileReference; explicitFileType = wrapper.cfbundle; includeInIndex = 0; path = ParallelOCRTests.xctest; sourceTree = BUILT_PRODUCTS_DIR; };
		ECA021DB1AA8A23200B797F2 /* Info.plist */ = {isa = PBXFileReference; lastKnownFileType = text.plist.xml; path = Info.plist; sourceTree = "<group>"; };
		ECA021DC1AA8A23200B797F2 /* ParallelOCRTests.m */ = {isa = PBXFileReference; lastKnownFileType = sourcecode.c.objc; path = ParallelOCRTests.m; sourceTree = "<group>"; };
/* End PBXFileReference section */

/* Begin PBXFrameworksBuildPhase section */
		ECA021B41AA8A23200B797F2 /* Frameworks */ = {
			isa = PBXFrameworksBuildPhase;
			buildActionMask = 2147483647;
			files = (
			);
			runOnlyForDeploymentPostprocessing = 0;
		};
		ECA021D31AA8A23200B797F2 /* Frameworks */ = {
			isa = PBXFrameworksBuildPhase;
			buildActionMask = 2147483647;
			files = (
			);
			runOnlyForDeploymentPostprocessing = 0;
		};
/* End PBXFrameworksBuildPhase section */

/* Begin PBXGroup section */
		ECA021AE1AA8A23200B797F2 = {
			isa = PBXGroup;
			children = (
				ECA021B91AA8A23200B797F2 /* ParallelOCR */,
				ECA021D91AA8A23200B797F2 /* ParallelOCRTests */,
				ECA021B81AA8A23200B797F2 /* Products */,
			);
			sourceTree = "<group>";
		};
		ECA021B81AA8A23200B797F2 /* Products */ = {
			isa = PBXGroup;
			children = (
				ECA021B71AA8A23200B797F2 /* ParallelOCR.app */,
				ECA021D61AA8A23200B797F2 /* ParallelOCRTests.xctest */,
			);
			name = Products;
			sourceTree = "<group>";
		};
		ECA021B91AA8A23200B797F2 /* ParallelOCR */ = {
			isa = PBXGroup;
			children = (
				ECA021BE1AA8A23200B797F2 /* AppDelegate.h */,
				ECA021BF1AA8A23200B797F2 /* AppDelegate.m */,
				ECA021C11AA8A23200B797F2 /* RootViewController.h */,
				ECA021C21AA8A23200B797F2 /* RootViewController.m */,
				ECA021C41AA8A23200B797F2 /* DataViewController.h */,
				ECA021C51AA8A23200B797F2 /* DataViewController.m */,
				ECA021C71AA8A23200B797F2 /* ModelController.h */,
				ECA021C81AA8A23200B797F2 /* ModelController.m */,
				ECA021CA1AA8A23200B797F2 /* Main.storyboard */,
				ECA021CD1AA8A23200B797F2 /* Images.xcassets */,
				ECA021CF1AA8A23200B797F2 /* LaunchScreen.xib */,
				ECA021BA1AA8A23200B797F2 /* Supporting Files */,
			);
			path = ParallelOCR;
			sourceTree = "<group>";
		};
		ECA021BA1AA8A23200B797F2 /* Supporting Files */ = {
			isa = PBXGroup;
			children = (
				ECA021BB1AA8A23200B797F2 /* Info.plist */,
				ECA021BC1AA8A23200B797F2 /* main.m */,
			);
			name = "Supporting Files";
			sourceTree = "<group>";
		};
		ECA021D91AA8A23200B797F2 /* ParallelOCRTests */ = {
			isa = PBXGroup;
			children = (
				ECA021DC1AA8A23200B797F2 /* ParallelOCRTests.m */,
				ECA021DA1AA8A23200B797F2 /* Supporting Files */,
			);
			path = ParallelOCRTests;
			sourceTree = "<group>";
		};
		ECA021DA1AA8A23200B797F2 /* Supporting Files */ = {
			isa = PBXGroup;
			children = (
				ECA021DB1AA8A23200B797F2 /* Info.plist */,
			);
			name = "Supporting Files";
			sourceTree = "<group>";
		};
/* End PBXGroup section */

/* Begin PBXNativeTarget section */
		ECA021B61AA8A23200B797F2 /* ParallelOCR */ = {
			isa = PBXNativeTarget;
			buildConfigurationList = ECA021E01AA8A23200B797F2 /* Build configuration list for PBXNativeTarget "ParallelOCR" */;
			buildPhases = (
				ECA021B31AA8A23200B797F2 /* Sources */,
				ECA021B41AA8A23200B797F2 /* Frameworks */,
				ECA021B51AA8A23200B797F2 /* Resources */,
			);
			buildRules = (
			);
			dependencies = (
			);
			name = ParallelOCR;
			productName = ParallelOCR;
			productReference = ECA021B71AA8A23200B797F2 /* ParallelOCR.app */;
			productType = "com.apple.product-type.application";
		};
		ECA021D51AA8A23200B797F2 /* ParallelOCRTests */ = {
			isa = PBXNativeTarget;
			buildConfigurationList = ECA021E31AA8A23200B797F2 /* Build configuration list for PBXNativeTarget "ParallelOCRTests" */;
			buildPhases = (
				ECA021D21AA8A23200B797F2 /* Sources */,
				ECA021D31AA8A23200B797F2 /* Frameworks */,
				ECA021D41AA8A23200B797F2 /* Resources */,
			);
			buildRules = (
			);
			dependencies = (
				ECA021D81AA8A23200B797F2 /* PBXTargetDependency */,
			);
			name = ParallelOCRTests;
			productName = ParallelOCRTests;
			productReference = ECA021D61AA8A23200B797F2 /* ParallelOCRTests.xctest */;
			productType = "com.apple.product-type.bundle.unit-test";
		};
/* End PBXNativeTarget section */

/* Begin PBXProject section */
		ECA021AF1AA8A23200B797F2 /* Project object */ = {
			isa = PBXProject;
			attributes = {
				LastUpgradeCheck = 0610;
				ORGANIZATIONNAME = "Gustavo Sandín Carral";
				TargetAttributes = {
					ECA021B61AA8A23200B797F2 = {
						CreatedOnToolsVersion = 6.1.1;
					};
					ECA021D51AA8A23200B797F2 = {
						CreatedOnToolsVersion = 6.1.1;
						TestTargetID = ECA021B61AA8A23200B797F2;
					};
				};
			};
			buildConfigurationList = ECA021B21AA8A23200B797F2 /* Build configuration list for PBXProject "ParallelOCR" */;
			compatibilityVersion = "Xcode 3.2";
			developmentRegion = English;
			hasScannedForEncodings = 0;
			knownRegions = (
				en,
				Base,
			);
			mainGroup = ECA021AE1AA8A23200B797F2;
			productRefGroup = ECA021B81AA8A23200B797F2 /* Products */;
			projectDirPath = "";
			projectRoot = "";
			targets = (
				ECA021B61AA8A23200B797F2 /* ParallelOCR */,
				ECA021D51AA8A23200B797F2 /* ParallelOCRTests */,
			);
		};
/* End PBXProject section */

/* Begin PBXResourcesBuildPhase section */
		ECA021B51AA8A23200B797F2 /* Resources */ = {
			isa = PBXResourcesBuildPhase;
			buildActionMask = 2147483647;
			files = (
				ECA021CC1AA8A23200B797F2 /* Main.storyboard in Resources */,
				ECA021D11AA8A23200B797F2 /* LaunchScreen.xib in Resources */,
				ECA021CE1AA8A23200B797F2 /* Images.xcassets in Resources */,
			);
			runOnlyForDeploymentPostprocessing = 0;
		};
		ECA021D41AA8A23200B797F2 /* Resources */ = {
			isa = PBXResourcesBuildPhase;
			buildActionMask = 2147483647;
			files = (
			);
			runOnlyForDeploymentPostprocessing = 0;
		};
/* End PBXResourcesBuildPhase section */

/* Begin PBXSourcesBuildPhase section */
		ECA021B31AA8A23200B797F2 /* Sources */ = {
			isa = PBXSourcesBuildPhase;
			buildActionMask = 2147483647;
			files = (
				ECA021C61AA8A23200B797F2 /* DataViewController.m in Sources */,
				ECA021C01AA8A23200B797F2 /* AppDelegate.m in Sources */,
				ECA021C91AA8A23200B797F2 /* ModelController.m in Sources */,
				ECA021BD1AA8A23200B797F2 /* main.m in Sources */,
				ECA021C31AA8A23200B797F2 /* RootViewController.m in Sources */,
			);
			runOnlyForDeploymentPostprocessing = 0;
		};
		ECA021D21AA8A23200B797F2 /* Sources */ = {
			isa = PBXSourcesBuildPhase;
			buildActionMask = 2147483647;
			files = (
				ECA021DD1AA8A23200B797F2 /* ParallelOCRTests.m in Sources */,
			);
			runOnlyForDeploymentPostprocessing = 0;
		};
/* End PBXSourcesBuildPhase section */

/* Begin PBXTargetDependency section */
		ECA021D81AA8A23200B797F2 /* PBXTargetDependency */ = {
			isa = PBXTargetDependency;
			target = ECA021B61AA8A23200B797F2 /* ParallelOCR */;
			targetProxy = ECA021D71AA8A23200B797F2 /* PBXContainerItemProxy */;
		};
/* End PBXTargetDependency section */

/* Begin PBXVariantGroup section */
		ECA021CA1AA8A23200B797F2 /* Main.storyboard */ = {
			isa = PBXVariantGroup;
			children = (
				ECA021CB1AA8A23200B797F2 /* Base */,
			);
			name = Main.storyboard;
			sourceTree = "<group>";
		};
		ECA021CF1AA8A23200B797F2 /* LaunchScreen.xib */ = {
			isa = PBXVariantGroup;
			children = (
				ECA021D01AA8A23200B797F2 /* Base */,
			);
			name = LaunchScreen.xib;
			sourceTree = "<group>";
		};
/* End PBXVariantGroup section */

/* Begin XCBuildConfiguration section */
		ECA021DE1AA8A23200B797F2 /* Debug */ = {
			isa = XCBuildConfiguration;
			buildSettings = {
				ALWAYS_SEARCH_USER_PATHS = NO;
				CLANG_CXX_LANGUAGE_STANDARD = "gnu++0x";
				CLANG_CXX_LIBRARY = "libc++";
				CLANG_ENABLE_MODULES = YES;
				CLANG_ENABLE_OBJC_ARC = YES;
				CLANG_WARN_BOOL_CONVERSION = YES;
				CLANG_WARN_CONSTANT_CONVERSION = YES;
				CLANG_WARN_DIRECT_OBJC_ISA_USAGE = YES_ERROR;
				CLANG_WARN_EMPTY_BODY = YES;
				CLANG_WARN_ENUM_CONVERSION = YES;
				CLANG_WARN_INT_CONVERSION = YES;
				CLANG_WARN_OBJC_ROOT_CLASS = YES_ERROR;
				CLANG_WARN_UNREACHABLE_CODE = YES;
				CLANG_WARN__DUPLICATE_METHOD_MATCH = YES;
				"CODE_SIGN_IDENTITY[sdk=iphoneos*]" = "iPhone Developer";
				COPY_PHASE_STRIP = NO;
				ENABLE_STRICT_OBJC_MSGSEND = YES;
				GCC_C_LANGUAGE_STANDARD = gnu99;
				GCC_DYNAMIC_NO_PIC = NO;
				GCC_OPTIMIZATION_LEVEL = 0;
				GCC_PREPROCESSOR_DEFINITIONS = (
					"DEBUG=1",
					"$(inherited)",
				);
				GCC_SYMBOLS_PRIVATE_EXTERN = NO;
				GCC_WARN_64_TO_32_BIT_CONVERSION = YES;
				GCC_WARN_ABOUT_RETURN_TYPE = YES_ERROR;
				GCC_WARN_UNDECLARED_SELECTOR = YES;
				GCC_WARN_UNINITIALIZED_AUTOS = YES_AGGRESSIVE;
				GCC_WARN_UNUSED_FUNCTION = YES;
				GCC_WARN_UNUSED_VARIABLE = YES;
				IPHONEOS_DEPLOYMENT_TARGET = 8.1;
				MTL_ENABLE_DEBUG_INFO = YES;
				ONLY_ACTIVE_ARCH = YES;
				SDKROOT = iphoneos;
				TARGETED_DEVICE_FAMILY = "1,2";
			};
			name = Debug;
		};
		ECA021DF1AA8A23200B797F2 /* Release */ = {
			isa = XCBuildConfiguration;
			buildSettings = {
				ALWAYS_SEARCH_USER_PATHS = NO;
				CLANG_CXX_LANGUAGE_STANDARD = "gnu++0x";
				CLANG_CXX_LIBRARY = "libc++";
				CLANG_ENABLE_MODULES = YES;
				CLANG_ENABLE_OBJC_ARC = YES;
				CLANG_WARN_BOOL_CONVERSION = YES;
				CLANG_WARN_CONSTANT_CONVERSION = YES;
				CLANG_WARN_DIRECT_OBJC_ISA_USAGE = YES_ERROR;
				CLANG_WARN_EMPTY_BODY = YES;
				CLANG_WARN_ENUM_CONVERSION = YES;
				CLANG_WARN_INT_CONVERSION = YES;
				CLANG_WARN_OBJC_ROOT_CLASS = YES_ERROR;
				CLANG_WARN_UNREACHABLE_CODE = YES;
				CLANG_WARN__DUPLICATE_METHOD_MATCH = YES;
				"CODE_SIGN_IDENTITY[sdk=iphoneos*]" = "iPhone Developer";
				COPY_PHASE_STRIP = YES;
				ENABLE_NS_ASSERTIONS = NO;
				ENABLE_STRICT_OBJC_MSGSEND = YES;
				GCC_C_LANGUAGE_STANDARD = gnu99;
				GCC_WARN_64_TO_32_BIT_CONVERSION = YES;
				GCC_WARN_ABOUT_RETURN_TYPE = YES_ERROR;
				GCC_WARN_UNDECLARED_SELECTOR = YES;
				GCC_WARN_UNINITIALIZED_AUTOS = YES_AGGRESSIVE;
				GCC_WARN_UNUSED_FUNCTION = YES;
				GCC_WARN_UNUSED_VARIABLE = YES;
				IPHONEOS_DEPLOYMENT_TARGET = 8.1;
				MTL_ENABLE_DEBUG_INFO = NO;
				SDKROOT = iphoneos;
				TARGETED_DEVICE_FAMILY = "1,2";
				VALIDATE_PRODUCT = YES;
			};
			name = Release;
		};
		ECA021E11AA8A23200B797F2 /* Debug */ = {
			isa = XCBuildConfiguration;
			buildSettings = {
				ASSETCATALOG_COMPILER_APPICON_NAME = AppIcon;
				INFOPLIST_FILE = ParallelOCR/Info.plist;
				LD_RUNPATH_SEARCH_PATHS = "$(inherited) @executable_path/Frameworks";
				PRODUCT_NAME = "$(TARGET_NAME)";
			};
			name = Debug;
		};
		ECA021E21AA8A23200B797F2 /* Release */ = {
			isa = XCBuildConfiguration;
			buildSettings = {
				ASSETCATALOG_COMPILER_APPICON_NAME = AppIcon;
				INFOPLIST_FILE = ParallelOCR/Info.plist;
				LD_RUNPATH_SEARCH_PATHS = "$(inherited) @executable_path/Frameworks";
				PRODUCT_NAME = "$(TARGET_NAME)";
			};
			name = Release;
		};
		ECA021E41AA8A23200B797F2 /* Debug */ = {
			isa = XCBuildConfiguration;
			buildSettings = {
				BUNDLE_LOADER = "$(TEST_HOST)";
				FRAMEWORK_SEARCH_PATHS = (
					"$(SDKROOT)/Developer/Library/Frameworks",
					"$(inherited)",
				);
				GCC_PREPROCESSOR_DEFINITIONS = (
					"DEBUG=1",
					"$(inherited)",
				);
				INFOPLIST_FILE = ParallelOCRTests/Info.plist;
				LD_RUNPATH_SEARCH_PATHS = "$(inherited) @executable_path/Frameworks @loader_path/Frameworks";
				PRODUCT_NAME = "$(TARGET_NAME)";
				TEST_HOST = "$(BUILT_PRODUCTS_DIR)/ParallelOCR.app/ParallelOCR";
			};
			name = Debug;
		};
		ECA021E51AA8A23200B797F2 /* Release */ = {
			isa = XCBuildConfiguration;
			buildSettings = {
				BUNDLE_LOADER = "$(TEST_HOST)";
				FRAMEWORK_SEARCH_PATHS = (
					"$(SDKROOT)/Developer/Library/Frameworks",
					"$(inherited)",
				);
				INFOPLIST_FILE = ParallelOCRTests/Info.plist;
				LD_RUNPATH_SEARCH_PATHS = "$(inherited) @executable_path/Frameworks @loader_path/Frameworks";
				PRODUCT_NAME = "$(TARGET_NAME)";
				TEST_HOST = "$(BUILT_PRODUCTS_DIR)/ParallelOCR.app/ParallelOCR";
			};
			name = Release;
		};
/* End XCBuildConfiguration section */

/* Begin XCConfigurationList section */
		ECA021B21AA8A23200B797F2 /* Build configuration list for PBXProject "ParallelOCR" */ = {
			isa = XCConfigurationList;
			buildConfigurations = (
				ECA021DE1AA8A23200B797F2 /* Debug */,
				ECA021DF1AA8A23200B797F2 /* Release */,
			);
			defaultConfigurationIsVisible = 0;
			defaultConfigurationName = Release;
		};
		ECA021E01AA8A23200B797F2 /* Build configuration list for PBXNativeTarget "ParallelOCR" */ = {
			isa = XCConfigurationList;
			buildConfigurations = (
				ECA021E11AA8A23200B797F2 /* Debug */,
				ECA021E21AA8A23200B797F2 /* Release */,
			);
			defaultConfigurationIsVisible = 0;
		};
		ECA021E31AA8A23200B797F2 /* Build configuration list for PBXNativeTarget "ParallelOCRTests" */ = {
			isa = XCConfigurationList;
			buildConfigurations = (
				ECA021E41AA8A23200B797F2 /* Debug */,
				ECA021E51AA8A23200B797F2 /* Release */,
			);
			defaultConfigurationIsVisible = 0;
		};
/* End XCConfigurationList section */
	};
	rootObject = ECA021AF1AA8A23200B797F2 /* Project object */;
}
